// !$*UTF8*$!
{
	archiveVersion = 1;
	classes = {
	};
	objectVersion = 56;
	objects = {

/* Begin PBXBuildFile section */
		D49FF07E2C9A3A69007A7529 /* OnboardingView.swift in Sources */ = {isa = PBXBuildFile; fileRef = D49FF07D2C9A3A69007A7529 /* OnboardingView.swift */; };
		D4DB5A822C987655003FB528 /* ObsessoApp.swift in Sources */ = {isa = PBXBuildFile; fileRef = D4DB5A812C987655003FB528 /* ObsessoApp.swift */; };
		D4DB5A862C987655003FB528 /* Item.swift in Sources */ = {isa = PBXBuildFile; fileRef = D4DB5A852C987655003FB528 /* Item.swift */; };
		D4DB5A882C987656003FB528 /* Assets.xcassets in Resources */ = {isa = PBXBuildFile; fileRef = D4DB5A872C987656003FB528 /* Assets.xcassets */; };
		D4DB5A8B2C987656003FB528 /* Preview Assets.xcassets in Resources */ = {isa = PBXBuildFile; fileRef = D4DB5A8A2C987656003FB528 /* Preview Assets.xcassets */; };
		D4DB5A942C9876CF003FB528 /* CameraPreview.swift in Sources */ = {isa = PBXBuildFile; fileRef = D4DB5A912C9876CF003FB528 /* CameraPreview.swift */; };
		D4DB5A952C9876CF003FB528 /* ContentView.swift in Sources */ = {isa = PBXBuildFile; fileRef = D4DB5A922C9876CF003FB528 /* ContentView.swift */; };
		D4DB5A962C9876CF003FB528 /* CameraModel.swift in Sources */ = {isa = PBXBuildFile; fileRef = D4DB5A932C9876CF003FB528 /* CameraModel.swift */; };
/* End PBXBuildFile section */

/* Begin PBXFileReference section */
		D49FF07D2C9A3A69007A7529 /* OnboardingView.swift */ = {isa = PBXFileReference; lastKnownFileType = sourcecode.swift; path = OnboardingView.swift; sourceTree = "<group>"; };
		D4DB5A7E2C987655003FB528 /* Obsesso.app */ = {isa = PBXFileReference; explicitFileType = wrapper.application; includeInIndex = 0; path = Obsesso.app; sourceTree = BUILT_PRODUCTS_DIR; };
		D4DB5A812C987655003FB528 /* ObsessoApp.swift */ = {isa = PBXFileReference; lastKnownFileType = sourcecode.swift; path = ObsessoApp.swift; sourceTree = "<group>"; };
		D4DB5A852C987655003FB528 /* Item.swift */ = {isa = PBXFileReference; lastKnownFileType = sourcecode.swift; path = Item.swift; sourceTree = "<group>"; };
		D4DB5A872C987656003FB528 /* Assets.xcassets */ = {isa = PBXFileReference; lastKnownFileType = folder.assetcatalog; path = Assets.xcassets; sourceTree = "<group>"; };
		D4DB5A8A2C987656003FB528 /* Preview Assets.xcassets */ = {isa = PBXFileReference; lastKnownFileType = folder.assetcatalog; path = "Preview Assets.xcassets"; sourceTree = "<group>"; };
		D4DB5A912C9876CF003FB528 /* CameraPreview.swift */ = {isa = PBXFileReference; fileEncoding = 4; lastKnownFileType = sourcecode.swift; path = CameraPreview.swift; sourceTree = "<group>"; };
		D4DB5A922C9876CF003FB528 /* ContentView.swift */ = {isa = PBXFileReference; fileEncoding = 4; lastKnownFileType = sourcecode.swift; path = ContentView.swift; sourceTree = "<group>"; };
		D4DB5A932C9876CF003FB528 /* CameraModel.swift */ = {isa = PBXFileReference; fileEncoding = 4; lastKnownFileType = sourcecode.swift; path = CameraModel.swift; sourceTree = "<group>"; };
/* End PBXFileReference section */

/* Begin PBXFrameworksBuildPhase section */
		D4DB5A7B2C987655003FB528 /* Frameworks */ = {
			isa = PBXFrameworksBuildPhase;
			buildActionMask = 2147483647;
			files = (
			);
			runOnlyForDeploymentPostprocessing = 0;
		};
/* End PBXFrameworksBuildPhase section */

/* Begin PBXGroup section */
		D4DB5A752C987655003FB528 = {
			isa = PBXGroup;
			children = (
				D4DB5A802C987655003FB528 /* Obsesso */,
				D4DB5A7F2C987655003FB528 /* Products */,
			);
			sourceTree = "<group>";
		};
		D4DB5A7F2C987655003FB528 /* Products */ = {
			isa = PBXGroup;
			children = (
				D4DB5A7E2C987655003FB528 /* Obsesso.app */,
			);
			name = Products;
			sourceTree = "<group>";
		};
		D4DB5A802C987655003FB528 /* Obsesso */ = {
			isa = PBXGroup;
			children = (
				D4DB5A812C987655003FB528 /* ObsessoApp.swift */,
				D4DB5A922C9876CF003FB528 /* ContentView.swift */,
				D49FF07D2C9A3A69007A7529 /* OnboardingView.swift */,
				D4DB5A852C987655003FB528 /* Item.swift */,
				D4DB5A972C987923003FB528 /* Camera */,
				D4DB5A872C987656003FB528 /* Assets.xcassets */,
				D4DB5A892C987656003FB528 /* Preview Content */,
			);
			path = Obsesso;
			sourceTree = "<group>";
		};
		D4DB5A892C987656003FB528 /* Preview Content */ = {
			isa = PBXGroup;
			children = (
				D4DB5A8A2C987656003FB528 /* Preview Assets.xcassets */,
			);
			path = "Preview Content";
			sourceTree = "<group>";
		};
		D4DB5A972C987923003FB528 /* Camera */ = {
			isa = PBXGroup;
			children = (
				D4DB5A912C9876CF003FB528 /* CameraPreview.swift */,
				D4DB5A932C9876CF003FB528 /* CameraModel.swift */,
			);
			name = Camera;
			sourceTree = "<group>";
		};
/* End PBXGroup section */

/* Begin PBXNativeTarget section */
		D4DB5A7D2C987655003FB528 /* Obsesso */ = {
			isa = PBXNativeTarget;
			buildConfigurationList = D4DB5A8E2C987656003FB528 /* Build configuration list for PBXNativeTarget "Obsesso" */;
			buildPhases = (
				D4DB5A7A2C987655003FB528 /* Sources */,
				D4DB5A7B2C987655003FB528 /* Frameworks */,
				D4DB5A7C2C987655003FB528 /* Resources */,
			);
			buildRules = (
			);
			dependencies = (
			);
			name = Obsesso;
			productName = Obsesso;
			productReference = D4DB5A7E2C987655003FB528 /* Obsesso.app */;
			productType = "com.apple.product-type.application";
		};
/* End PBXNativeTarget section */

/* Begin PBXProject section */
		D4DB5A762C987655003FB528 /* Project object */ = {
			isa = PBXProject;
			attributes = {
				BuildIndependentTargetsInParallel = 1;
				LastSwiftUpdateCheck = 1540;
				LastUpgradeCheck = 1540;
				TargetAttributes = {
					D4DB5A7D2C987655003FB528 = {
						CreatedOnToolsVersion = 15.4;
					};
				};
			};
			buildConfigurationList = D4DB5A792C987655003FB528 /* Build configuration list for PBXProject "Obsesso" */;
			compatibilityVersion = "Xcode 14.0";
			developmentRegion = en;
			hasScannedForEncodings = 0;
			knownRegions = (
				en,
				Base,
			);
			mainGroup = D4DB5A752C987655003FB528;
			productRefGroup = D4DB5A7F2C987655003FB528 /* Products */;
			projectDirPath = "";
			projectRoot = "";
			targets = (
				D4DB5A7D2C987655003FB528 /* Obsesso */,
			);
		};
/* End PBXProject section */

/* Begin PBXResourcesBuildPhase section */
		D4DB5A7C2C987655003FB528 /* Resources */ = {
			isa = PBXResourcesBuildPhase;
			buildActionMask = 2147483647;
			files = (
				D4DB5A8B2C987656003FB528 /* Preview Assets.xcassets in Resources */,
				D4DB5A882C987656003FB528 /* Assets.xcassets in Resources */,
			);
			runOnlyForDeploymentPostprocessing = 0;
		};
/* End PBXResourcesBuildPhase section */

/* Begin PBXSourcesBuildPhase section */
		D4DB5A7A2C987655003FB528 /* Sources */ = {
			isa = PBXSourcesBuildPhase;
			buildActionMask = 2147483647;
			files = (
				D4DB5A942C9876CF003FB528 /* CameraPreview.swift in Sources */,
				D4DB5A862C987655003FB528 /* Item.swift in Sources */,
				D4DB5A962C9876CF003FB528 /* CameraModel.swift in Sources */,
				D49FF07E2C9A3A69007A7529 /* OnboardingView.swift in Sources */,
				D4DB5A952C9876CF003FB528 /* ContentView.swift in Sources */,
				D4DB5A822C987655003FB528 /* ObsessoApp.swift in Sources */,
			);
			runOnlyForDeploymentPostprocessing = 0;
		};
/* End PBXSourcesBuildPhase section */

/* Begin XCBuildConfiguration section */
		D4DB5A8C2C987656003FB528 /* Debug */ = {
			isa = XCBuildConfiguration;
			buildSettings = {
				ALWAYS_SEARCH_USER_PATHS = NO;
				ASSETCATALOG_COMPILER_GENERATE_SWIFT_ASSET_SYMBOL_EXTENSIONS = YES;
				CLANG_ANALYZER_NONNULL = YES;
				CLANG_ANALYZER_NUMBER_OBJECT_CONVERSION = YES_AGGRESSIVE;
				CLANG_CXX_LANGUAGE_STANDARD = "gnu++20";
				CLANG_ENABLE_MODULES = YES;
				CLANG_ENABLE_OBJC_ARC = YES;
				CLANG_ENABLE_OBJC_WEAK = YES;
				CLANG_WARN_BLOCK_CAPTURE_AUTORELEASING = YES;
				CLANG_WARN_BOOL_CONVERSION = YES;
				CLANG_WARN_COMMA = YES;
				CLANG_WARN_CONSTANT_CONVERSION = YES;
				CLANG_WARN_DEPRECATED_OBJC_IMPLEMENTATIONS = YES;
				CLANG_WARN_DIRECT_OBJC_ISA_USAGE = YES_ERROR;
				CLANG_WARN_DOCUMENTATION_COMMENTS = YES;
				CLANG_WARN_EMPTY_BODY = YES;
				CLANG_WARN_ENUM_CONVERSION = YES;
				CLANG_WARN_INFINITE_RECURSION = YES;
				CLANG_WARN_INT_CONVERSION = YES;
				CLANG_WARN_NON_LITERAL_NULL_CONVERSION = YES;
				CLANG_WARN_OBJC_IMPLICIT_RETAIN_SELF = YES;
				CLANG_WARN_OBJC_LITERAL_CONVERSION = YES;
				CLANG_WARN_OBJC_ROOT_CLASS = YES_ERROR;
				CLANG_WARN_QUOTED_INCLUDE_IN_FRAMEWORK_HEADER = YES;
				CLANG_WARN_RANGE_LOOP_ANALYSIS = YES;
				CLANG_WARN_STRICT_PROTOTYPES = YES;
				CLANG_WARN_SUSPICIOUS_MOVE = YES;
				CLANG_WARN_UNGUARDED_AVAILABILITY = YES_AGGRESSIVE;
				CLANG_WARN_UNREACHABLE_CODE = YES;
				CLANG_WARN__DUPLICATE_METHOD_MATCH = YES;
				COPY_PHASE_STRIP = NO;
				DEBUG_INFORMATION_FORMAT = dwarf;
				ENABLE_STRICT_OBJC_MSGSEND = YES;
				ENABLE_TESTABILITY = YES;
				ENABLE_USER_SCRIPT_SANDBOXING = YES;
				GCC_C_LANGUAGE_STANDARD = gnu17;
				GCC_DYNAMIC_NO_PIC = NO;
				GCC_NO_COMMON_BLOCKS = YES;
				GCC_OPTIMIZATION_LEVEL = 0;
				GCC_PREPROCESSOR_DEFINITIONS = (
					"DEBUG=1",
					"$(inherited)",
				);
				GCC_WARN_64_TO_32_BIT_CONVERSION = YES;
				GCC_WARN_ABOUT_RETURN_TYPE = YES_ERROR;
				GCC_WARN_UNDECLARED_SELECTOR = YES;
				GCC_WARN_UNINITIALIZED_AUTOS = YES_AGGRESSIVE;
				GCC_WARN_UNUSED_FUNCTION = YES;
				GCC_WARN_UNUSED_VARIABLE = YES;
				IPHONEOS_DEPLOYMENT_TARGET = 17.5;
				LOCALIZATION_PREFERS_STRING_CATALOGS = YES;
				MTL_ENABLE_DEBUG_INFO = INCLUDE_SOURCE;
				MTL_FAST_MATH = YES;
				ONLY_ACTIVE_ARCH = YES;
				SDKROOT = iphoneos;
				SWIFT_ACTIVE_COMPILATION_CONDITIONS = "DEBUG $(inherited)";
				SWIFT_OPTIMIZATION_LEVEL = "-Onone";
			};
			name = Debug;
		};
		D4DB5A8D2C987656003FB528 /* Release */ = {
			isa = XCBuildConfiguration;
			buildSettings = {
				ALWAYS_SEARCH_USER_PATHS = NO;
				ASSETCATALOG_COMPILER_GENERATE_SWIFT_ASSET_SYMBOL_EXTENSIONS = YES;
				CLANG_ANALYZER_NONNULL = YES;
				CLANG_ANALYZER_NUMBER_OBJECT_CONVERSION = YES_AGGRESSIVE;
				CLANG_CXX_LANGUAGE_STANDARD = "gnu++20";
				CLANG_ENABLE_MODULES = YES;
				CLANG_ENABLE_OBJC_ARC = YES;
				CLANG_ENABLE_OBJC_WEAK = YES;
				CLANG_WARN_BLOCK_CAPTURE_AUTORELEASING = YES;
				CLANG_WARN_BOOL_CONVERSION = YES;
				CLANG_WARN_COMMA = YES;
				CLANG_WARN_CONSTANT_CONVERSION = YES;
				CLANG_WARN_DEPRECATED_OBJC_IMPLEMENTATIONS = YES;
				CLANG_WARN_DIRECT_OBJC_ISA_USAGE = YES_ERROR;
				CLANG_WARN_DOCUMENTATION_COMMENTS = YES;
				CLANG_WARN_EMPTY_BODY = YES;
				CLANG_WARN_ENUM_CONVERSION = YES;
				CLANG_WARN_INFINITE_RECURSION = YES;
				CLANG_WARN_INT_CONVERSION = YES;
				CLANG_WARN_NON_LITERAL_NULL_CONVERSION = YES;
				CLANG_WARN_OBJC_IMPLICIT_RETAIN_SELF = YES;
				CLANG_WARN_OBJC_LITERAL_CONVERSION = YES;
				CLANG_WARN_OBJC_ROOT_CLASS = YES_ERROR;
				CLANG_WARN_QUOTED_INCLUDE_IN_FRAMEWORK_HEADER = YES;
				CLANG_WARN_RANGE_LOOP_ANALYSIS = YES;
				CLANG_WARN_STRICT_PROTOTYPES = YES;
				CLANG_WARN_SUSPICIOUS_MOVE = YES;
				CLANG_WARN_UNGUARDED_AVAILABILITY = YES_AGGRESSIVE;
				CLANG_WARN_UNREACHABLE_CODE = YES;
				CLANG_WARN__DUPLICATE_METHOD_MATCH = YES;
				COPY_PHASE_STRIP = NO;
				DEBUG_INFORMATION_FORMAT = "dwarf-with-dsym";
				ENABLE_NS_ASSERTIONS = NO;
				ENABLE_STRICT_OBJC_MSGSEND = YES;
				ENABLE_USER_SCRIPT_SANDBOXING = YES;
				GCC_C_LANGUAGE_STANDARD = gnu17;
				GCC_NO_COMMON_BLOCKS = YES;
				GCC_WARN_64_TO_32_BIT_CONVERSION = YES;
				GCC_WARN_ABOUT_RETURN_TYPE = YES_ERROR;
				GCC_WARN_UNDECLARED_SELECTOR = YES;
				GCC_WARN_UNINITIALIZED_AUTOS = YES_AGGRESSIVE;
				GCC_WARN_UNUSED_FUNCTION = YES;
				GCC_WARN_UNUSED_VARIABLE = YES;
				IPHONEOS_DEPLOYMENT_TARGET = 17.5;
				LOCALIZATION_PREFERS_STRING_CATALOGS = YES;
				MTL_ENABLE_DEBUG_INFO = NO;
				MTL_FAST_MATH = YES;
				SDKROOT = iphoneos;
				SWIFT_COMPILATION_MODE = wholemodule;
				VALIDATE_PRODUCT = YES;
			};
			name = Release;
		};
		D4DB5A8F2C987656003FB528 /* Debug */ = {
			isa = XCBuildConfiguration;
			buildSettings = {
				ASSETCATALOG_COMPILER_APPICON_NAME = AppIcon;
				ASSETCATALOG_COMPILER_GLOBAL_ACCENT_COLOR_NAME = AccentColor;
				CODE_SIGN_STYLE = Automatic;
				CURRENT_PROJECT_VERSION = 1;
				DEVELOPMENT_ASSET_PATHS = "\"Obsesso/Preview Content\"";
				DEVELOPMENT_TEAM = RU773P5475;
				ENABLE_PREVIEWS = YES;
				GENERATE_INFOPLIST_FILE = YES;
				INFOPLIST_KEY_NSCameraUsageDescription = "We need access to your camera to record videos.";
				INFOPLIST_KEY_NSMicrophoneUsageDescription = "We need access to your microphone to record audio with your videos.";
				INFOPLIST_KEY_UIApplicationSceneManifest_Generation = YES;
				INFOPLIST_KEY_UIApplicationSupportsIndirectInputEvents = YES;
				INFOPLIST_KEY_UILaunchScreen_Generation = YES;
				INFOPLIST_KEY_UISupportedInterfaceOrientations_iPad = "UIInterfaceOrientationPortrait UIInterfaceOrientationPortraitUpsideDown UIInterfaceOrientationLandscapeLeft UIInterfaceOrientationLandscapeRight";
				INFOPLIST_KEY_UISupportedInterfaceOrientations_iPhone = "UIInterfaceOrientationPortrait UIInterfaceOrientationLandscapeLeft UIInterfaceOrientationLandscapeRight";
				LD_RUNPATH_SEARCH_PATHS = (
					"$(inherited)",
					"@executable_path/Frameworks",
				);
				MARKETING_VERSION = 1.0;
				PRODUCT_BUNDLE_IDENTIFIER = dev.egecam.Obsesso;
				PRODUCT_NAME = "$(TARGET_NAME)";
				SWIFT_EMIT_LOC_STRINGS = YES;
				SWIFT_VERSION = 5.0;
				TARGETED_DEVICE_FAMILY = "1,2";
			};
			name = Debug;
		};
		D4DB5A902C987656003FB528 /* Release */ = {
			isa = XCBuildConfiguration;
			buildSettings = {
				ASSETCATALOG_COMPILER_APPICON_NAME = AppIcon;
				ASSETCATALOG_COMPILER_GLOBAL_ACCENT_COLOR_NAME = AccentColor;
				CODE_SIGN_STYLE = Automatic;
				CURRENT_PROJECT_VERSION = 1;
				DEVELOPMENT_ASSET_PATHS = "\"Obsesso/Preview Content\"";
				DEVELOPMENT_TEAM = RU773P5475;
				ENABLE_PREVIEWS = YES;
				GENERATE_INFOPLIST_FILE = YES;
				INFOPLIST_KEY_NSCameraUsageDescription = "We need access to your camera to record videos.";
				INFOPLIST_KEY_NSMicrophoneUsageDescription = "We need access to your microphone to record audio with your videos.";
				INFOPLIST_KEY_UIApplicationSceneManifest_Generation = YES;
				INFOPLIST_KEY_UIApplicationSupportsIndirectInputEvents = YES;
				INFOPLIST_KEY_UILaunchScreen_Generation = YES;
				INFOPLIST_KEY_UISupportedInterfaceOrientations_iPad = "UIInterfaceOrientationPortrait UIInterfaceOrientationPortraitUpsideDown UIInterfaceOrientationLandscapeLeft UIInterfaceOrientationLandscapeRight";
				INFOPLIST_KEY_UISupportedInterfaceOrientations_iPhone = "UIInterfaceOrientationPortrait UIInterfaceOrientationLandscapeLeft UIInterfaceOrientationLandscapeRight";
				LD_RUNPATH_SEARCH_PATHS = (
					"$(inherited)",
					"@executable_path/Frameworks",
				);
				MARKETING_VERSION = 1.0;
				PRODUCT_BUNDLE_IDENTIFIER = dev.egecam.Obsesso;
				PRODUCT_NAME = "$(TARGET_NAME)";
				SWIFT_EMIT_LOC_STRINGS = YES;
				SWIFT_VERSION = 5.0;
				TARGETED_DEVICE_FAMILY = "1,2";
			};
			name = Release;
		};
/* End XCBuildConfiguration section */

/* Begin XCConfigurationList section */
		D4DB5A792C987655003FB528 /* Build configuration list for PBXProject "Obsesso" */ = {
			isa = XCConfigurationList;
			buildConfigurations = (
				D4DB5A8C2C987656003FB528 /* Debug */,
				D4DB5A8D2C987656003FB528 /* Release */,
			);
			defaultConfigurationIsVisible = 0;
			defaultConfigurationName = Release;
		};
		D4DB5A8E2C987656003FB528 /* Build configuration list for PBXNativeTarget "Obsesso" */ = {
			isa = XCConfigurationList;
			buildConfigurations = (
				D4DB5A8F2C987656003FB528 /* Debug */,
				D4DB5A902C987656003FB528 /* Release */,
			);
			defaultConfigurationIsVisible = 0;
			defaultConfigurationName = Release;
		};
/* End XCConfigurationList section */
	};
	rootObject = D4DB5A762C987655003FB528 /* Project object */;
}
